// !$*UTF8*$!
{
	archiveVersion = 1;
	classes = {
	};
	objectVersion = 56;
	objects = {

/* Begin PBXBuildFile section */
		A83B940529E9DFCA0065253B /* MazeA_App.swift in Sources */ = {isa = PBXBuildFile; fileRef = A83B940429E9DFCA0065253B /* MazeA_App.swift */; };
		A83B940929E9DFCB0065253B /* Assets.xcassets in Resources */ = {isa = PBXBuildFile; fileRef = A83B940829E9DFCB0065253B /* Assets.xcassets */; };
		A83B940C29E9DFCB0065253B /* Preview Assets.xcassets in Resources */ = {isa = PBXBuildFile; fileRef = A83B940B29E9DFCB0065253B /* Preview Assets.xcassets */; };
		A83B942029E9DFCB0065253B /* MazeA_UITests.swift in Sources */ = {isa = PBXBuildFile; fileRef = A83B941F29E9DFCB0065253B /* MazeA_UITests.swift */; };
		A83B942229E9DFCB0065253B /* MazeA_UITestsLaunchTests.swift in Sources */ = {isa = PBXBuildFile; fileRef = A83B942129E9DFCB0065253B /* MazeA_UITestsLaunchTests.swift */; };
		A83B942F29E9E3370065253B /* MazeCell.swift in Sources */ = {isa = PBXBuildFile; fileRef = A83B942E29E9E3370065253B /* MazeCell.swift */; };
		A83B943129E9E5720065253B /* MainScreenView.swift in Sources */ = {isa = PBXBuildFile; fileRef = A83B943029E9E5720065253B /* MainScreenView.swift */; };
		A83B943329EAA0FB0065253B /* MazeCellView.swift in Sources */ = {isa = PBXBuildFile; fileRef = A83B943229EAA0FB0065253B /* MazeCellView.swift */; };
		A83B943729EAAE000065253B /* MazeViewModel.swift in Sources */ = {isa = PBXBuildFile; fileRef = A83B943629EAAE000065253B /* MazeViewModel.swift */; };
		A83B944129EC29890065253B /* CellSampleData.swift in Sources */ = {isa = PBXBuildFile; fileRef = A83B944029EC29890065253B /* CellSampleData.swift */; };
		A83B944629ECE7F20065253B /* AStarAlgorithm.swift in Sources */ = {isa = PBXBuildFile; fileRef = A83B944529ECE7F20065253B /* AStarAlgorithm.swift */; };
		A83B944D29ED61F80065253B /* MazeView.swift in Sources */ = {isa = PBXBuildFile; fileRef = A83B944C29ED61F80065253B /* MazeView.swift */; };
		A83B945329ED9C1A0065253B /* Step.swift in Sources */ = {isa = PBXBuildFile; fileRef = A83B945229ED9C1A0065253B /* Step.swift */; };
		A84524B529F890E100EFEAEC /* MapListView.swift in Sources */ = {isa = PBXBuildFile; fileRef = A84524B429F890E100EFEAEC /* MapListView.swift */; };
		A84524B929F9216800EFEAEC /* ButtonView.swift in Sources */ = {isa = PBXBuildFile; fileRef = A84524B829F9216800EFEAEC /* ButtonView.swift */; };
		A84524BB29F92BF600EFEAEC /* StartGoalButtonView.swift in Sources */ = {isa = PBXBuildFile; fileRef = A84524BA29F92BF600EFEAEC /* StartGoalButtonView.swift */; };
		A87F1F1829F3BCF1001B434A /* TemporaryMazeView.swift in Sources */ = {isa = PBXBuildFile; fileRef = A87F1F1729F3BCF1001B434A /* TemporaryMazeView.swift */; };
		A8851ABD29EF4F0700D9313C /* NoSolutionModalView.swift in Sources */ = {isa = PBXBuildFile; fileRef = A8851ABC29EF4F0700D9313C /* NoSolutionModalView.swift */; };
		A8851ABF29EF6E5C00D9313C /* MazeDescriptionView.swift in Sources */ = {isa = PBXBuildFile; fileRef = A8851ABE29EF6E5C00D9313C /* MazeDescriptionView.swift */; };
		A8851AC129EF771300D9313C /* CustomizedMazeView.swift in Sources */ = {isa = PBXBuildFile; fileRef = A8851AC029EF771300D9313C /* CustomizedMazeView.swift */; };
		A8851AC429EFFEC000D9313C /* InputNumberView.swift in Sources */ = {isa = PBXBuildFile; fileRef = A8851AC329EFFEC000D9313C /* InputNumberView.swift */; };
		A8851AC629F003C500D9313C /* SelectCoordinatesView.swift in Sources */ = {isa = PBXBuildFile; fileRef = A8851AC529F003C500D9313C /* SelectCoordinatesView.swift */; };
		A89A8CF829FBDB25000B33EF /* MazeViewModel_Tests.swift in Sources */ = {isa = PBXBuildFile; fileRef = A89A8CF729FBDB25000B33EF /* MazeViewModel_Tests.swift */; };
		A89A8CFA29FC40DE000B33EF /* FileStorage_Tests.swift in Sources */ = {isa = PBXBuildFile; fileRef = A89A8CF929FC40DE000B33EF /* FileStorage_Tests.swift */; };
		A89A8CFC29FD88B1000B33EF /* Map_Tests.swift in Sources */ = {isa = PBXBuildFile; fileRef = A89A8CFB29FD88B1000B33EF /* Map_Tests.swift */; };
		A89A8CFE29FD8CF1000B33EF /* MapSampleDataTest.json in Resources */ = {isa = PBXBuildFile; fileRef = A89A8CFD29FD8CF1000B33EF /* MapSampleDataTest.json */; };
		A89A8D0029FD989E000B33EF /* AStarAlgorithm_Tests.swift in Sources */ = {isa = PBXBuildFile; fileRef = A89A8CFF29FD989E000B33EF /* AStarAlgorithm_Tests.swift */; };
		A89A8D0229FDB944000B33EF /* Step_Tests.swift in Sources */ = {isa = PBXBuildFile; fileRef = A89A8D0129FDB944000B33EF /* Step_Tests.swift */; };
		A89A8D0429FEEB2C000B33EF /* MapService_Tests.swift in Sources */ = {isa = PBXBuildFile; fileRef = A89A8D0329FEEB2C000B33EF /* MapService_Tests.swift */; };
		A8F00F2229F76BFC008E1B33 /* Map.swift in Sources */ = {isa = PBXBuildFile; fileRef = A8F00F2129F76BFC008E1B33 /* Map.swift */; };
		A8F00F2429F7B936008E1B33 /* FileStorage.swift in Sources */ = {isa = PBXBuildFile; fileRef = A8F00F2329F7B936008E1B33 /* FileStorage.swift */; };
		A8F00F2629F7D088008E1B33 /* MapService.swift in Sources */ = {isa = PBXBuildFile; fileRef = A8F00F2529F7D088008E1B33 /* MapService.swift */; };
		A8F00F2829F854DC008E1B33 /* MapSampleData.json in Resources */ = {isa = PBXBuildFile; fileRef = A8F00F2729F854DC008E1B33 /* MapSampleData.json */; };
/* End PBXBuildFile section */

/* Begin PBXContainerItemProxy section */
		A83B941229E9DFCB0065253B /* PBXContainerItemProxy */ = {
			isa = PBXContainerItemProxy;
			containerPortal = A83B93F929E9DFCA0065253B /* Project object */;
			proxyType = 1;
			remoteGlobalIDString = A83B940029E9DFCA0065253B;
			remoteInfo = "MazeA*";
		};
		A83B941C29E9DFCB0065253B /* PBXContainerItemProxy */ = {
			isa = PBXContainerItemProxy;
			containerPortal = A83B93F929E9DFCA0065253B /* Project object */;
			proxyType = 1;
			remoteGlobalIDString = A83B940029E9DFCA0065253B;
			remoteInfo = "MazeA*";
		};
/* End PBXContainerItemProxy section */

/* Begin PBXFileReference section */
		A83B940129E9DFCA0065253B /* MazeA*.app */ = {isa = PBXFileReference; explicitFileType = wrapper.application; includeInIndex = 0; path = "MazeA*.app"; sourceTree = BUILT_PRODUCTS_DIR; };
		A83B940429E9DFCA0065253B /* MazeA_App.swift */ = {isa = PBXFileReference; lastKnownFileType = sourcecode.swift; path = MazeA_App.swift; sourceTree = "<group>"; };
		A83B940829E9DFCB0065253B /* Assets.xcassets */ = {isa = PBXFileReference; lastKnownFileType = folder.assetcatalog; path = Assets.xcassets; sourceTree = "<group>"; };
		A83B940B29E9DFCB0065253B /* Preview Assets.xcassets */ = {isa = PBXFileReference; lastKnownFileType = folder.assetcatalog; path = "Preview Assets.xcassets"; sourceTree = "<group>"; };
		A83B941129E9DFCB0065253B /* MazeA*Tests.xctest */ = {isa = PBXFileReference; explicitFileType = wrapper.cfbundle; includeInIndex = 0; path = "MazeA*Tests.xctest"; sourceTree = BUILT_PRODUCTS_DIR; };
		A83B941B29E9DFCB0065253B /* MazeA*UITests.xctest */ = {isa = PBXFileReference; explicitFileType = wrapper.cfbundle; includeInIndex = 0; path = "MazeA*UITests.xctest"; sourceTree = BUILT_PRODUCTS_DIR; };
		A83B941F29E9DFCB0065253B /* MazeA_UITests.swift */ = {isa = PBXFileReference; lastKnownFileType = sourcecode.swift; path = MazeA_UITests.swift; sourceTree = "<group>"; };
		A83B942129E9DFCB0065253B /* MazeA_UITestsLaunchTests.swift */ = {isa = PBXFileReference; lastKnownFileType = sourcecode.swift; path = MazeA_UITestsLaunchTests.swift; sourceTree = "<group>"; };
		A83B942E29E9E3370065253B /* MazeCell.swift */ = {isa = PBXFileReference; lastKnownFileType = sourcecode.swift; path = MazeCell.swift; sourceTree = "<group>"; };
		A83B943029E9E5720065253B /* MainScreenView.swift */ = {isa = PBXFileReference; lastKnownFileType = sourcecode.swift; path = MainScreenView.swift; sourceTree = "<group>"; };
		A83B943229EAA0FB0065253B /* MazeCellView.swift */ = {isa = PBXFileReference; lastKnownFileType = sourcecode.swift; path = MazeCellView.swift; sourceTree = "<group>"; };
		A83B943629EAAE000065253B /* MazeViewModel.swift */ = {isa = PBXFileReference; lastKnownFileType = sourcecode.swift; path = MazeViewModel.swift; sourceTree = "<group>"; };
		A83B944029EC29890065253B /* CellSampleData.swift */ = {isa = PBXFileReference; lastKnownFileType = sourcecode.swift; path = CellSampleData.swift; sourceTree = "<group>"; };
		A83B944529ECE7F20065253B /* AStarAlgorithm.swift */ = {isa = PBXFileReference; lastKnownFileType = sourcecode.swift; path = AStarAlgorithm.swift; sourceTree = "<group>"; };
		A83B944C29ED61F80065253B /* MazeView.swift */ = {isa = PBXFileReference; lastKnownFileType = sourcecode.swift; path = MazeView.swift; sourceTree = "<group>"; };
		A83B945229ED9C1A0065253B /* Step.swift */ = {isa = PBXFileReference; lastKnownFileType = sourcecode.swift; path = Step.swift; sourceTree = "<group>"; };
		A84524B429F890E100EFEAEC /* MapListView.swift */ = {isa = PBXFileReference; lastKnownFileType = sourcecode.swift; path = MapListView.swift; sourceTree = "<group>"; };
		A84524B829F9216800EFEAEC /* ButtonView.swift */ = {isa = PBXFileReference; lastKnownFileType = sourcecode.swift; path = ButtonView.swift; sourceTree = "<group>"; };
		A84524BA29F92BF600EFEAEC /* StartGoalButtonView.swift */ = {isa = PBXFileReference; lastKnownFileType = sourcecode.swift; path = StartGoalButtonView.swift; sourceTree = "<group>"; };
		A87F1F1729F3BCF1001B434A /* TemporaryMazeView.swift */ = {isa = PBXFileReference; lastKnownFileType = sourcecode.swift; path = TemporaryMazeView.swift; sourceTree = "<group>"; };
		A8851ABC29EF4F0700D9313C /* NoSolutionModalView.swift */ = {isa = PBXFileReference; lastKnownFileType = sourcecode.swift; path = NoSolutionModalView.swift; sourceTree = "<group>"; };
		A8851ABE29EF6E5C00D9313C /* MazeDescriptionView.swift */ = {isa = PBXFileReference; lastKnownFileType = sourcecode.swift; path = MazeDescriptionView.swift; sourceTree = "<group>"; };
		A8851AC029EF771300D9313C /* CustomizedMazeView.swift */ = {isa = PBXFileReference; lastKnownFileType = sourcecode.swift; path = CustomizedMazeView.swift; sourceTree = "<group>"; };
		A8851AC329EFFEC000D9313C /* InputNumberView.swift */ = {isa = PBXFileReference; lastKnownFileType = sourcecode.swift; path = InputNumberView.swift; sourceTree = "<group>"; };
		A8851AC529F003C500D9313C /* SelectCoordinatesView.swift */ = {isa = PBXFileReference; lastKnownFileType = sourcecode.swift; path = SelectCoordinatesView.swift; sourceTree = "<group>"; };
		A89A8CF729FBDB25000B33EF /* MazeViewModel_Tests.swift */ = {isa = PBXFileReference; lastKnownFileType = sourcecode.swift; path = MazeViewModel_Tests.swift; sourceTree = "<group>"; };
		A89A8CF929FC40DE000B33EF /* FileStorage_Tests.swift */ = {isa = PBXFileReference; lastKnownFileType = sourcecode.swift; path = FileStorage_Tests.swift; sourceTree = "<group>"; };
		A89A8CFB29FD88B1000B33EF /* Map_Tests.swift */ = {isa = PBXFileReference; lastKnownFileType = sourcecode.swift; path = Map_Tests.swift; sourceTree = "<group>"; };
		A89A8CFD29FD8CF1000B33EF /* MapSampleDataTest.json */ = {isa = PBXFileReference; fileEncoding = 4; lastKnownFileType = text.json; path = MapSampleDataTest.json; sourceTree = "<group>"; };
		A89A8CFF29FD989E000B33EF /* AStarAlgorithm_Tests.swift */ = {isa = PBXFileReference; lastKnownFileType = sourcecode.swift; path = AStarAlgorithm_Tests.swift; sourceTree = "<group>"; };
		A89A8D0129FDB944000B33EF /* Step_Tests.swift */ = {isa = PBXFileReference; lastKnownFileType = sourcecode.swift; path = Step_Tests.swift; sourceTree = "<group>"; };
		A89A8D0329FEEB2C000B33EF /* MapService_Tests.swift */ = {isa = PBXFileReference; lastKnownFileType = sourcecode.swift; path = MapService_Tests.swift; sourceTree = "<group>"; };
		A8F00F2129F76BFC008E1B33 /* Map.swift */ = {isa = PBXFileReference; lastKnownFileType = sourcecode.swift; path = Map.swift; sourceTree = "<group>"; };
		A8F00F2329F7B936008E1B33 /* FileStorage.swift */ = {isa = PBXFileReference; lastKnownFileType = sourcecode.swift; path = FileStorage.swift; sourceTree = "<group>"; };
		A8F00F2529F7D088008E1B33 /* MapService.swift */ = {isa = PBXFileReference; lastKnownFileType = sourcecode.swift; path = MapService.swift; sourceTree = "<group>"; };
		A8F00F2729F854DC008E1B33 /* MapSampleData.json */ = {isa = PBXFileReference; fileEncoding = 4; lastKnownFileType = text.json; path = MapSampleData.json; sourceTree = "<group>"; };
/* End PBXFileReference section */

/* Begin PBXFrameworksBuildPhase section */
		A83B93FE29E9DFCA0065253B /* Frameworks */ = {
			isa = PBXFrameworksBuildPhase;
			buildActionMask = 2147483647;
			files = (
			);
			runOnlyForDeploymentPostprocessing = 0;
		};
		A83B940E29E9DFCB0065253B /* Frameworks */ = {
			isa = PBXFrameworksBuildPhase;
			buildActionMask = 2147483647;
			files = (
			);
			runOnlyForDeploymentPostprocessing = 0;
		};
		A83B941829E9DFCB0065253B /* Frameworks */ = {
			isa = PBXFrameworksBuildPhase;
			buildActionMask = 2147483647;
			files = (
			);
			runOnlyForDeploymentPostprocessing = 0;
		};
/* End PBXFrameworksBuildPhase section */

/* Begin PBXGroup section */
		A83B93F829E9DFCA0065253B = {
			isa = PBXGroup;
			children = (
				A83B940329E9DFCA0065253B /* MazeA* */,
				A83B941429E9DFCB0065253B /* MazeA*Tests */,
				A83B941E29E9DFCB0065253B /* MazeA*UITests */,
				A83B940229E9DFCA0065253B /* Products */,
			);
			sourceTree = "<group>";
		};
		A83B940229E9DFCA0065253B /* Products */ = {
			isa = PBXGroup;
			children = (
				A83B940129E9DFCA0065253B /* MazeA*.app */,
				A83B941129E9DFCB0065253B /* MazeA*Tests.xctest */,
				A83B941B29E9DFCB0065253B /* MazeA*UITests.xctest */,
			);
			name = Products;
			sourceTree = "<group>";
		};
		A83B940329E9DFCA0065253B /* MazeA* */ = {
			isa = PBXGroup;
			children = (
				A83B940429E9DFCA0065253B /* MazeA_App.swift */,
				A83B943A29EAAE340065253B /* Models */,
				A83B943B29EAAE460065253B /* Views */,
				A83B940829E9DFCB0065253B /* Assets.xcassets */,
				A83B940A29E9DFCB0065253B /* Preview Content */,
			);
			path = "MazeA*";
			sourceTree = "<group>";
		};
		A83B940A29E9DFCB0065253B /* Preview Content */ = {
			isa = PBXGroup;
			children = (
				A83B940B29E9DFCB0065253B /* Preview Assets.xcassets */,
			);
			path = "Preview Content";
			sourceTree = "<group>";
		};
		A83B941429E9DFCB0065253B /* MazeA*Tests */ = {
			isa = PBXGroup;
			children = (
				A89A8CFD29FD8CF1000B33EF /* MapSampleDataTest.json */,
				A89A8CF929FC40DE000B33EF /* FileStorage_Tests.swift */,
				A89A8CFF29FD989E000B33EF /* AStarAlgorithm_Tests.swift */,
				A89A8D0129FDB944000B33EF /* Step_Tests.swift */,
				A89A8CFB29FD88B1000B33EF /* Map_Tests.swift */,
				A89A8CF729FBDB25000B33EF /* MazeViewModel_Tests.swift */,
				A89A8D0329FEEB2C000B33EF /* MapService_Tests.swift */,
			);
			path = "MazeA*Tests";
			sourceTree = "<group>";
		};
		A83B941E29E9DFCB0065253B /* MazeA*UITests */ = {
			isa = PBXGroup;
			children = (
				A83B941F29E9DFCB0065253B /* MazeA_UITests.swift */,
				A83B942129E9DFCB0065253B /* MazeA_UITestsLaunchTests.swift */,
			);
			path = "MazeA*UITests";
			sourceTree = "<group>";
		};
		A83B943A29EAAE340065253B /* Models */ = {
			isa = PBXGroup;
			children = (
				A83B943629EAAE000065253B /* MazeViewModel.swift */,
				A8F00F2129F76BFC008E1B33 /* Map.swift */,
				A83B942E29E9E3370065253B /* MazeCell.swift */,
				A83B945229ED9C1A0065253B /* Step.swift */,
				A83B944529ECE7F20065253B /* AStarAlgorithm.swift */,
				A8F00F2329F7B936008E1B33 /* FileStorage.swift */,
				A8F00F2529F7D088008E1B33 /* MapService.swift */,
				A83B944029EC29890065253B /* CellSampleData.swift */,
				A8F00F2729F854DC008E1B33 /* MapSampleData.json */,
			);
			path = Models;
			sourceTree = "<group>";
		};
		A83B943B29EAAE460065253B /* Views */ = {
			isa = PBXGroup;
			children = (
				A83B943029E9E5720065253B /* MainScreenView.swift */,
				A8851ABC29EF4F0700D9313C /* NoSolutionModalView.swift */,
				A8851ABE29EF6E5C00D9313C /* MazeDescriptionView.swift */,
				A8851AC029EF771300D9313C /* CustomizedMazeView.swift */,
				A8851AC529F003C500D9313C /* SelectCoordinatesView.swift */,
				A83B944C29ED61F80065253B /* MazeView.swift */,
				A84524B429F890E100EFEAEC /* MapListView.swift */,
				A87F1F1729F3BCF1001B434A /* TemporaryMazeView.swift */,
				A83B943229EAA0FB0065253B /* MazeCellView.swift */,
				A84524B829F9216800EFEAEC /* ButtonView.swift */,
				A8851AC329EFFEC000D9313C /* InputNumberView.swift */,
				A84524BA29F92BF600EFEAEC /* StartGoalButtonView.swift */,
			);
			path = Views;
			sourceTree = "<group>";
		};
/* End PBXGroup section */

/* Begin PBXNativeTarget section */
		A83B940029E9DFCA0065253B /* MazeA* */ = {
			isa = PBXNativeTarget;
			buildConfigurationList = A83B942529E9DFCB0065253B /* Build configuration list for PBXNativeTarget "MazeA*" */;
			buildPhases = (
				A83B93FD29E9DFCA0065253B /* Sources */,
				A83B93FE29E9DFCA0065253B /* Frameworks */,
				A83B93FF29E9DFCA0065253B /* Resources */,
			);
			buildRules = (
			);
			dependencies = (
			);
			name = "MazeA*";
			productName = "MazeA*";
			productReference = A83B940129E9DFCA0065253B /* MazeA*.app */;
			productType = "com.apple.product-type.application";
		};
		A83B941029E9DFCB0065253B /* MazeA*Tests */ = {
			isa = PBXNativeTarget;
			buildConfigurationList = A83B942829E9DFCB0065253B /* Build configuration list for PBXNativeTarget "MazeA*Tests" */;
			buildPhases = (
				A83B940D29E9DFCB0065253B /* Sources */,
				A83B940E29E9DFCB0065253B /* Frameworks */,
				A83B940F29E9DFCB0065253B /* Resources */,
			);
			buildRules = (
			);
			dependencies = (
				A83B941329E9DFCB0065253B /* PBXTargetDependency */,
			);
			name = "MazeA*Tests";
			productName = "MazeA*Tests";
			productReference = A83B941129E9DFCB0065253B /* MazeA*Tests.xctest */;
			productType = "com.apple.product-type.bundle.unit-test";
		};
		A83B941A29E9DFCB0065253B /* MazeA*UITests */ = {
			isa = PBXNativeTarget;
			buildConfigurationList = A83B942B29E9DFCB0065253B /* Build configuration list for PBXNativeTarget "MazeA*UITests" */;
			buildPhases = (
				A83B941729E9DFCB0065253B /* Sources */,
				A83B941829E9DFCB0065253B /* Frameworks */,
				A83B941929E9DFCB0065253B /* Resources */,
			);
			buildRules = (
			);
			dependencies = (
				A83B941D29E9DFCB0065253B /* PBXTargetDependency */,
			);
			name = "MazeA*UITests";
			productName = "MazeA*UITests";
			productReference = A83B941B29E9DFCB0065253B /* MazeA*UITests.xctest */;
			productType = "com.apple.product-type.bundle.ui-testing";
		};
/* End PBXNativeTarget section */

/* Begin PBXProject section */
		A83B93F929E9DFCA0065253B /* Project object */ = {
			isa = PBXProject;
			attributes = {
				BuildIndependentTargetsInParallel = 1;
				LastSwiftUpdateCheck = 1420;
				LastUpgradeCheck = 1420;
				TargetAttributes = {
					A83B940029E9DFCA0065253B = {
						CreatedOnToolsVersion = 14.2;
					};
					A83B941029E9DFCB0065253B = {
						CreatedOnToolsVersion = 14.2;
						TestTargetID = A83B940029E9DFCA0065253B;
					};
					A83B941A29E9DFCB0065253B = {
						CreatedOnToolsVersion = 14.2;
						TestTargetID = A83B940029E9DFCA0065253B;
					};
				};
			};
			buildConfigurationList = A83B93FC29E9DFCA0065253B /* Build configuration list for PBXProject "MazeA*" */;
			compatibilityVersion = "Xcode 14.0";
			developmentRegion = en;
			hasScannedForEncodings = 0;
			knownRegions = (
				en,
				Base,
			);
			mainGroup = A83B93F829E9DFCA0065253B;
			productRefGroup = A83B940229E9DFCA0065253B /* Products */;
			projectDirPath = "";
			projectRoot = "";
			targets = (
				A83B940029E9DFCA0065253B /* MazeA* */,
				A83B941029E9DFCB0065253B /* MazeA*Tests */,
				A83B941A29E9DFCB0065253B /* MazeA*UITests */,
			);
		};
/* End PBXProject section */

/* Begin PBXResourcesBuildPhase section */
		A83B93FF29E9DFCA0065253B /* Resources */ = {
			isa = PBXResourcesBuildPhase;
			buildActionMask = 2147483647;
			files = (
				A8F00F2829F854DC008E1B33 /* MapSampleData.json in Resources */,
				A83B940C29E9DFCB0065253B /* Preview Assets.xcassets in Resources */,
				A83B940929E9DFCB0065253B /* Assets.xcassets in Resources */,
			);
			runOnlyForDeploymentPostprocessing = 0;
		};
		A83B940F29E9DFCB0065253B /* Resources */ = {
			isa = PBXResourcesBuildPhase;
			buildActionMask = 2147483647;
			files = (
				A89A8CFE29FD8CF1000B33EF /* MapSampleDataTest.json in Resources */,
			);
			runOnlyForDeploymentPostprocessing = 0;
		};
		A83B941929E9DFCB0065253B /* Resources */ = {
			isa = PBXResourcesBuildPhase;
			buildActionMask = 2147483647;
			files = (
			);
			runOnlyForDeploymentPostprocessing = 0;
		};
/* End PBXResourcesBuildPhase section */

/* Begin PBXSourcesBuildPhase section */
		A83B93FD29E9DFCA0065253B /* Sources */ = {
			isa = PBXSourcesBuildPhase;
			buildActionMask = 2147483647;
			files = (
				A83B943129E9E5720065253B /* MainScreenView.swift in Sources */,
				A84524B929F9216800EFEAEC /* ButtonView.swift in Sources */,
				A83B944D29ED61F80065253B /* MazeView.swift in Sources */,
				A87F1F1829F3BCF1001B434A /* TemporaryMazeView.swift in Sources */,
				A8851AC629F003C500D9313C /* SelectCoordinatesView.swift in Sources */,
				A84524BB29F92BF600EFEAEC /* StartGoalButtonView.swift in Sources */,
				A8851AC129EF771300D9313C /* CustomizedMazeView.swift in Sources */,
				A8851AC429EFFEC000D9313C /* InputNumberView.swift in Sources */,
				A83B944629ECE7F20065253B /* AStarAlgorithm.swift in Sources */,
				A84524B529F890E100EFEAEC /* MapListView.swift in Sources */,
				A8851ABD29EF4F0700D9313C /* NoSolutionModalView.swift in Sources */,
				A8F00F2229F76BFC008E1B33 /* Map.swift in Sources */,
				A83B943329EAA0FB0065253B /* MazeCellView.swift in Sources */,
				A83B945329ED9C1A0065253B /* Step.swift in Sources */,
				A83B942F29E9E3370065253B /* MazeCell.swift in Sources */,
				A8851ABF29EF6E5C00D9313C /* MazeDescriptionView.swift in Sources */,
				A83B944129EC29890065253B /* CellSampleData.swift in Sources */,
				A8F00F2629F7D088008E1B33 /* MapService.swift in Sources */,
				A8F00F2429F7B936008E1B33 /* FileStorage.swift in Sources */,
				A83B940529E9DFCA0065253B /* MazeA_App.swift in Sources */,
				A83B943729EAAE000065253B /* MazeViewModel.swift in Sources */,
			);
			runOnlyForDeploymentPostprocessing = 0;
		};
		A83B940D29E9DFCB0065253B /* Sources */ = {
			isa = PBXSourcesBuildPhase;
			buildActionMask = 2147483647;
			files = (
				A89A8D0429FEEB2C000B33EF /* MapService_Tests.swift in Sources */,
				A89A8D0029FD989E000B33EF /* AStarAlgorithm_Tests.swift in Sources */,
				A89A8CFA29FC40DE000B33EF /* FileStorage_Tests.swift in Sources */,
				A89A8D0229FDB944000B33EF /* Step_Tests.swift in Sources */,
				A89A8CFC29FD88B1000B33EF /* Map_Tests.swift in Sources */,
				A89A8CF829FBDB25000B33EF /* MazeViewModel_Tests.swift in Sources */,
			);
			runOnlyForDeploymentPostprocessing = 0;
		};
		A83B941729E9DFCB0065253B /* Sources */ = {
			isa = PBXSourcesBuildPhase;
			buildActionMask = 2147483647;
			files = (
				A83B942029E9DFCB0065253B /* MazeA_UITests.swift in Sources */,
				A83B942229E9DFCB0065253B /* MazeA_UITestsLaunchTests.swift in Sources */,
			);
			runOnlyForDeploymentPostprocessing = 0;
		};
/* End PBXSourcesBuildPhase section */

/* Begin PBXTargetDependency section */
		A83B941329E9DFCB0065253B /* PBXTargetDependency */ = {
			isa = PBXTargetDependency;
			target = A83B940029E9DFCA0065253B /* MazeA* */;
			targetProxy = A83B941229E9DFCB0065253B /* PBXContainerItemProxy */;
		};
		A83B941D29E9DFCB0065253B /* PBXTargetDependency */ = {
			isa = PBXTargetDependency;
			target = A83B940029E9DFCA0065253B /* MazeA* */;
			targetProxy = A83B941C29E9DFCB0065253B /* PBXContainerItemProxy */;
		};
/* End PBXTargetDependency section */

/* Begin XCBuildConfiguration section */
		A83B942329E9DFCB0065253B /* Debug */ = {
			isa = XCBuildConfiguration;
			buildSettings = {
				ALWAYS_SEARCH_USER_PATHS = NO;
				CLANG_ANALYZER_NONNULL = YES;
				CLANG_ANALYZER_NUMBER_OBJECT_CONVERSION = YES_AGGRESSIVE;
				CLANG_CXX_LANGUAGE_STANDARD = "gnu++20";
				CLANG_ENABLE_MODULES = YES;
				CLANG_ENABLE_OBJC_ARC = YES;
				CLANG_ENABLE_OBJC_WEAK = YES;
				CLANG_WARN_BLOCK_CAPTURE_AUTORELEASING = YES;
				CLANG_WARN_BOOL_CONVERSION = YES;
				CLANG_WARN_COMMA = YES;
				CLANG_WARN_CONSTANT_CONVERSION = YES;
				CLANG_WARN_DEPRECATED_OBJC_IMPLEMENTATIONS = YES;
				CLANG_WARN_DIRECT_OBJC_ISA_USAGE = YES_ERROR;
				CLANG_WARN_DOCUMENTATION_COMMENTS = YES;
				CLANG_WARN_EMPTY_BODY = YES;
				CLANG_WARN_ENUM_CONVERSION = YES;
				CLANG_WARN_INFINITE_RECURSION = YES;
				CLANG_WARN_INT_CONVERSION = YES;
				CLANG_WARN_NON_LITERAL_NULL_CONVERSION = YES;
				CLANG_WARN_OBJC_IMPLICIT_RETAIN_SELF = YES;
				CLANG_WARN_OBJC_LITERAL_CONVERSION = YES;
				CLANG_WARN_OBJC_ROOT_CLASS = YES_ERROR;
				CLANG_WARN_QUOTED_INCLUDE_IN_FRAMEWORK_HEADER = YES;
				CLANG_WARN_RANGE_LOOP_ANALYSIS = YES;
				CLANG_WARN_STRICT_PROTOTYPES = YES;
				CLANG_WARN_SUSPICIOUS_MOVE = YES;
				CLANG_WARN_UNGUARDED_AVAILABILITY = YES_AGGRESSIVE;
				CLANG_WARN_UNREACHABLE_CODE = YES;
				CLANG_WARN__DUPLICATE_METHOD_MATCH = YES;
				COPY_PHASE_STRIP = NO;
				DEBUG_INFORMATION_FORMAT = dwarf;
				ENABLE_STRICT_OBJC_MSGSEND = YES;
				ENABLE_TESTABILITY = YES;
				GCC_C_LANGUAGE_STANDARD = gnu11;
				GCC_DYNAMIC_NO_PIC = NO;
				GCC_NO_COMMON_BLOCKS = YES;
				GCC_OPTIMIZATION_LEVEL = 0;
				GCC_PREPROCESSOR_DEFINITIONS = (
					"DEBUG=1",
					"$(inherited)",
				);
				GCC_WARN_64_TO_32_BIT_CONVERSION = YES;
				GCC_WARN_ABOUT_RETURN_TYPE = YES_ERROR;
				GCC_WARN_UNDECLARED_SELECTOR = YES;
				GCC_WARN_UNINITIALIZED_AUTOS = YES_AGGRESSIVE;
				GCC_WARN_UNUSED_FUNCTION = YES;
				GCC_WARN_UNUSED_VARIABLE = YES;
				IPHONEOS_DEPLOYMENT_TARGET = 16.2;
				MTL_ENABLE_DEBUG_INFO = INCLUDE_SOURCE;
				MTL_FAST_MATH = YES;
				ONLY_ACTIVE_ARCH = YES;
				SDKROOT = iphoneos;
				SWIFT_ACTIVE_COMPILATION_CONDITIONS = DEBUG;
				SWIFT_OPTIMIZATION_LEVEL = "-Onone";
			};
			name = Debug;
		};
		A83B942429E9DFCB0065253B /* Release */ = {
			isa = XCBuildConfiguration;
			buildSettings = {
				ALWAYS_SEARCH_USER_PATHS = NO;
				CLANG_ANALYZER_NONNULL = YES;
				CLANG_ANALYZER_NUMBER_OBJECT_CONVERSION = YES_AGGRESSIVE;
				CLANG_CXX_LANGUAGE_STANDARD = "gnu++20";
				CLANG_ENABLE_MODULES = YES;
				CLANG_ENABLE_OBJC_ARC = YES;
				CLANG_ENABLE_OBJC_WEAK = YES;
				CLANG_WARN_BLOCK_CAPTURE_AUTORELEASING = YES;
				CLANG_WARN_BOOL_CONVERSION = YES;
				CLANG_WARN_COMMA = YES;
				CLANG_WARN_CONSTANT_CONVERSION = YES;
				CLANG_WARN_DEPRECATED_OBJC_IMPLEMENTATIONS = YES;
				CLANG_WARN_DIRECT_OBJC_ISA_USAGE = YES_ERROR;
				CLANG_WARN_DOCUMENTATION_COMMENTS = YES;
				CLANG_WARN_EMPTY_BODY = YES;
				CLANG_WARN_ENUM_CONVERSION = YES;
				CLANG_WARN_INFINITE_RECURSION = YES;
				CLANG_WARN_INT_CONVERSION = YES;
				CLANG_WARN_NON_LITERAL_NULL_CONVERSION = YES;
				CLANG_WARN_OBJC_IMPLICIT_RETAIN_SELF = YES;
				CLANG_WARN_OBJC_LITERAL_CONVERSION = YES;
				CLANG_WARN_OBJC_ROOT_CLASS = YES_ERROR;
				CLANG_WARN_QUOTED_INCLUDE_IN_FRAMEWORK_HEADER = YES;
				CLANG_WARN_RANGE_LOOP_ANALYSIS = YES;
				CLANG_WARN_STRICT_PROTOTYPES = YES;
				CLANG_WARN_SUSPICIOUS_MOVE = YES;
				CLANG_WARN_UNGUARDED_AVAILABILITY = YES_AGGRESSIVE;
				CLANG_WARN_UNREACHABLE_CODE = YES;
				CLANG_WARN__DUPLICATE_METHOD_MATCH = YES;
				COPY_PHASE_STRIP = NO;
				DEBUG_INFORMATION_FORMAT = "dwarf-with-dsym";
				ENABLE_NS_ASSERTIONS = NO;
				ENABLE_STRICT_OBJC_MSGSEND = YES;
				GCC_C_LANGUAGE_STANDARD = gnu11;
				GCC_NO_COMMON_BLOCKS = YES;
				GCC_WARN_64_TO_32_BIT_CONVERSION = YES;
				GCC_WARN_ABOUT_RETURN_TYPE = YES_ERROR;
				GCC_WARN_UNDECLARED_SELECTOR = YES;
				GCC_WARN_UNINITIALIZED_AUTOS = YES_AGGRESSIVE;
				GCC_WARN_UNUSED_FUNCTION = YES;
				GCC_WARN_UNUSED_VARIABLE = YES;
				IPHONEOS_DEPLOYMENT_TARGET = 16.2;
				MTL_ENABLE_DEBUG_INFO = NO;
				MTL_FAST_MATH = YES;
				SDKROOT = iphoneos;
				SWIFT_COMPILATION_MODE = wholemodule;
				SWIFT_OPTIMIZATION_LEVEL = "-O";
				VALIDATE_PRODUCT = YES;
			};
			name = Release;
		};
		A83B942629E9DFCB0065253B /* Debug */ = {
			isa = XCBuildConfiguration;
			buildSettings = {
				ASSETCATALOG_COMPILER_APPICON_NAME = AppIcon;
				ASSETCATALOG_COMPILER_GLOBAL_ACCENT_COLOR_NAME = AccentColor;
				CODE_SIGN_STYLE = Automatic;
				CURRENT_PROJECT_VERSION = 1;
				DEVELOPMENT_ASSET_PATHS = "\"MazeA*/Preview Content\"";
				DEVELOPMENT_TEAM = Q34TQR7SAN;
				ENABLE_PREVIEWS = YES;
				GENERATE_INFOPLIST_FILE = YES;
				INFOPLIST_KEY_UIApplicationSceneManifest_Generation = YES;
				INFOPLIST_KEY_UIApplicationSupportsIndirectInputEvents = YES;
				INFOPLIST_KEY_UILaunchScreen_Generation = YES;
				INFOPLIST_KEY_UISupportedInterfaceOrientations_iPad = "UIInterfaceOrientationPortrait UIInterfaceOrientationPortraitUpsideDown UIInterfaceOrientationLandscapeLeft UIInterfaceOrientationLandscapeRight";
				INFOPLIST_KEY_UISupportedInterfaceOrientations_iPhone = "UIInterfaceOrientationPortrait UIInterfaceOrientationLandscapeLeft UIInterfaceOrientationLandscapeRight";
				LD_RUNPATH_SEARCH_PATHS = (
					"$(inherited)",
					"@executable_path/Frameworks",
				);
				MARKETING_VERSION = 1.0;
				PRODUCT_BUNDLE_IDENTIFIER = "com.Imen.MazeA-";
				PRODUCT_NAME = "$(TARGET_NAME)";
				SWIFT_EMIT_LOC_STRINGS = YES;
				SWIFT_VERSION = 5.0;
				TARGETED_DEVICE_FAMILY = "1,2";
			};
			name = Debug;
		};
		A83B942729E9DFCB0065253B /* Release */ = {
			isa = XCBuildConfiguration;
			buildSettings = {
				ASSETCATALOG_COMPILER_APPICON_NAME = AppIcon;
				ASSETCATALOG_COMPILER_GLOBAL_ACCENT_COLOR_NAME = AccentColor;
				CODE_SIGN_STYLE = Automatic;
				CURRENT_PROJECT_VERSION = 1;
				DEVELOPMENT_ASSET_PATHS = "\"MazeA*/Preview Content\"";
				DEVELOPMENT_TEAM = Q34TQR7SAN;
				ENABLE_PREVIEWS = YES;
				GENERATE_INFOPLIST_FILE = YES;
				INFOPLIST_KEY_UIApplicationSceneManifest_Generation = YES;
				INFOPLIST_KEY_UIApplicationSupportsIndirectInputEvents = YES;
				INFOPLIST_KEY_UILaunchScreen_Generation = YES;
				INFOPLIST_KEY_UISupportedInterfaceOrientations_iPad = "UIInterfaceOrientationPortrait UIInterfaceOrientationPortraitUpsideDown UIInterfaceOrientationLandscapeLeft UIInterfaceOrientationLandscapeRight";
				INFOPLIST_KEY_UISupportedInterfaceOrientations_iPhone = "UIInterfaceOrientationPortrait UIInterfaceOrientationLandscapeLeft UIInterfaceOrientationLandscapeRight";
				LD_RUNPATH_SEARCH_PATHS = (
					"$(inherited)",
					"@executable_path/Frameworks",
				);
				MARKETING_VERSION = 1.0;
				PRODUCT_BUNDLE_IDENTIFIER = "com.Imen.MazeA-";
				PRODUCT_NAME = "$(TARGET_NAME)";
				SWIFT_EMIT_LOC_STRINGS = YES;
				SWIFT_VERSION = 5.0;
				TARGETED_DEVICE_FAMILY = "1,2";
			};
			name = Release;
		};
		A83B942929E9DFCB0065253B /* Debug */ = {
			isa = XCBuildConfiguration;
			buildSettings = {
				ALWAYS_EMBED_SWIFT_STANDARD_LIBRARIES = YES;
				BUNDLE_LOADER = "$(TEST_HOST)";
				CODE_SIGN_STYLE = Automatic;
				CURRENT_PROJECT_VERSION = 1;
				GENERATE_INFOPLIST_FILE = YES;
				IPHONEOS_DEPLOYMENT_TARGET = 16.2;
				MARKETING_VERSION = 1.0;
				PRODUCT_BUNDLE_IDENTIFIER = "com.Imen.MazeA-Tests";
				PRODUCT_NAME = "$(TARGET_NAME)";
				SWIFT_EMIT_LOC_STRINGS = NO;
				SWIFT_VERSION = 5.0;
				TARGETED_DEVICE_FAMILY = "1,2";
				TEST_HOST = "$(BUILT_PRODUCTS_DIR)/MazeA*.app/$(BUNDLE_EXECUTABLE_FOLDER_PATH)/MazeA*";
			};
			name = Debug;
		};
		A83B942A29E9DFCB0065253B /* Release */ = {
			isa = XCBuildConfiguration;
			buildSettings = {
				ALWAYS_EMBED_SWIFT_STANDARD_LIBRARIES = YES;
				BUNDLE_LOADER = "$(TEST_HOST)";
				CODE_SIGN_STYLE = Automatic;
				CURRENT_PROJECT_VERSION = 1;
				GENERATE_INFOPLIST_FILE = YES;
				IPHONEOS_DEPLOYMENT_TARGET = 16.2;
				MARKETING_VERSION = 1.0;
				PRODUCT_BUNDLE_IDENTIFIER = "com.Imen.MazeA-Tests";
				PRODUCT_NAME = "$(TARGET_NAME)";
				SWIFT_EMIT_LOC_STRINGS = NO;
				SWIFT_VERSION = 5.0;
				TARGETED_DEVICE_FAMILY = "1,2";
				TEST_HOST = "$(BUILT_PRODUCTS_DIR)/MazeA*.app/$(BUNDLE_EXECUTABLE_FOLDER_PATH)/MazeA*";
			};
			name = Release;
		};
		A83B942C29E9DFCB0065253B /* Debug */ = {
			isa = XCBuildConfiguration;
			buildSettings = {
				ALWAYS_EMBED_SWIFT_STANDARD_LIBRARIES = YES;
				CODE_SIGN_STYLE = Automatic;
				CURRENT_PROJECT_VERSION = 1;
				GENERATE_INFOPLIST_FILE = YES;
				MARKETING_VERSION = 1.0;
				PRODUCT_BUNDLE_IDENTIFIER = "com.Imen.MazeA-UITests";
				PRODUCT_NAME = "$(TARGET_NAME)";
				SWIFT_EMIT_LOC_STRINGS = NO;
				SWIFT_VERSION = 5.0;
				TARGETED_DEVICE_FAMILY = "1,2";
				TEST_TARGET_NAME = "MazeA*";
			};
			name = Debug;
		};
		A83B942D29E9DFCB0065253B /* Release */ = {
			isa = XCBuildConfiguration;
			buildSettings = {
				ALWAYS_EMBED_SWIFT_STANDARD_LIBRARIES = YES;
				CODE_SIGN_STYLE = Automatic;
				CURRENT_PROJECT_VERSION = 1;
				GENERATE_INFOPLIST_FILE = YES;
				MARKETING_VERSION = 1.0;
				PRODUCT_BUNDLE_IDENTIFIER = "com.Imen.MazeA-UITests";
				PRODUCT_NAME = "$(TARGET_NAME)";
				SWIFT_EMIT_LOC_STRINGS = NO;
				SWIFT_VERSION = 5.0;
				TARGETED_DEVICE_FAMILY = "1,2";
				TEST_TARGET_NAME = "MazeA*";
			};
			name = Release;
		};
/* End XCBuildConfiguration section */

/* Begin XCConfigurationList section */
		A83B93FC29E9DFCA0065253B /* Build configuration list for PBXProject "MazeA*" */ = {
			isa = XCConfigurationList;
			buildConfigurations = (
				A83B942329E9DFCB0065253B /* Debug */,
				A83B942429E9DFCB0065253B /* Release */,
			);
			defaultConfigurationIsVisible = 0;
			defaultConfigurationName = Release;
		};
		A83B942529E9DFCB0065253B /* Build configuration list for PBXNativeTarget "MazeA*" */ = {
			isa = XCConfigurationList;
			buildConfigurations = (
				A83B942629E9DFCB0065253B /* Debug */,
				A83B942729E9DFCB0065253B /* Release */,
			);
			defaultConfigurationIsVisible = 0;
			defaultConfigurationName = Release;
		};
		A83B942829E9DFCB0065253B /* Build configuration list for PBXNativeTarget "MazeA*Tests" */ = {
			isa = XCConfigurationList;
			buildConfigurations = (
				A83B942929E9DFCB0065253B /* Debug */,
				A83B942A29E9DFCB0065253B /* Release */,
			);
			defaultConfigurationIsVisible = 0;
			defaultConfigurationName = Release;
		};
		A83B942B29E9DFCB0065253B /* Build configuration list for PBXNativeTarget "MazeA*UITests" */ = {
			isa = XCConfigurationList;
			buildConfigurations = (
				A83B942C29E9DFCB0065253B /* Debug */,
				A83B942D29E9DFCB0065253B /* Release */,
			);
			defaultConfigurationIsVisible = 0;
			defaultConfigurationName = Release;
		};
/* End XCConfigurationList section */
	};
	rootObject = A83B93F929E9DFCA0065253B /* Project object */;
}
